
Microsoft Visual Studio Solution File, Format Version 12.00
# Visual Studio Version 16
VisualStudioVersion = 16.0.29709.97
MinimumVisualStudioVersion = 10.0.40219.1
Project("{FAE04EC0-301F-11D3-BF4B-00C04F79EFBC}") = "CSC237_pmarshall_ProgrammingChallenge1", "CSC237_pmarshall_ProgrammingChallenge1.csproj", "{A736A724-3E0A-4152-92AC-795CF97CF543}"
EndProject
Global
	GlobalSection(SolutionConfigurationPlatforms) = preSolution
		Debug|Any CPU = Debug|Any CPU
		Release|Any CPU = Release|Any CPU
	EndGlobalSection
	GlobalSection(ProjectConfigurationPlatforms) = postSolution
		{A736A724-3E0A-4152-92AC-795CF97CF543}.Debug|Any CPU.ActiveCfg = Debug|Any CPU
		{A736A724-3E0A-4152-92AC-795CF97CF543}.Debug|Any CPU.Build.0 = Debug|Any CPU
		{A736A724-3E0A-4152-92AC-795CF97CF543}.Release|Any CPU.ActiveCfg = Release|Any CPU
		{A736A724-3E0A-4152-92AC-795CF97CF543}.Release|Any CPU.Build.0 = Release|Any CPU
	EndGlobalSection
	GlobalSection(SolutionProperties) = preSolution
		HideSolutionNode = FALSE
	EndGlobalSection
	GlobalSection(ExtensibilityGlobals) = postSolution
		SolutionGuid = {0CA6CE36-3A79-4DEB-BCFF-8A3FB778856F}
	EndGlobalSection
EndGlobal
